// !$*UTF8*$!
{
	archiveVersion = 1;
	classes = {
	};
	objectVersion = 48;
	objects = {

/* Begin PBXBuildFile section */
		7D18AD902057EBFA001F279F /* main.cpp in Sources */ = {isa = PBXBuildFile; fileRef = 7D18AD8F2057EBFA001F279F /* main.cpp */; };
		7D7514A5205927C800E4710F /* ClassScope.cpp in Sources */ = {isa = PBXBuildFile; fileRef = 7D7514A3205927C800E4710F /* ClassScope.cpp */; };
		7D7514A82059280900E4710F /* Dog.cpp in Sources */ = {isa = PBXBuildFile; fileRef = 7D7514A62059280900E4710F /* Dog.cpp */; };
		7D9FE0312057F36700AEB721 /* Person.cpp in Sources */ = {isa = PBXBuildFile; fileRef = 7D9FE0302057F36700AEB721 /* Person.cpp */; };
		7DBFE98B2059888E0061C87C /* Teacher.cpp in Sources */ = {isa = PBXBuildFile; fileRef = 7DBFE9892059888E0061C87C /* Teacher.cpp */; };
		7DBFE98E205988A10061C87C /* Student.cpp in Sources */ = {isa = PBXBuildFile; fileRef = 7DBFE98C205988A10061C87C /* Student.cpp */; };
		7DBFE991205988AB0061C87C /* Course.cpp in Sources */ = {isa = PBXBuildFile; fileRef = 7DBFE98F205988AB0061C87C /* Course.cpp */; };
		7DBFE993205998F80061C87C /* Lab2Instructions.cpp in Sources */ = {isa = PBXBuildFile; fileRef = 7DBFE992205998F80061C87C /* Lab2Instructions.cpp */; };
/* End PBXBuildFile section */

/* Begin PBXCopyFilesBuildPhase section */
		7D18AD8A2057EBFA001F279F /* CopyFiles */ = {
			isa = PBXCopyFilesBuildPhase;
			buildActionMask = 2147483647;
			dstPath = /usr/share/man/man1/;
			dstSubfolderSpec = 0;
			files = (
			);
			runOnlyForDeploymentPostprocessing = 1;
		};
/* End PBXCopyFilesBuildPhase section */

/* Begin PBXFileReference section */
		7D18AD8C2057EBFA001F279F /* DEV210.2x */ = {isa = PBXFileReference; explicitFileType = "compiled.mach-o.executable"; includeInIndex = 0; path = DEV210.2x; sourceTree = BUILT_PRODUCTS_DIR; };
		7D18AD8F2057EBFA001F279F /* main.cpp */ = {isa = PBXFileReference; lastKnownFileType = sourcecode.cpp.cpp; path = main.cpp; sourceTree = "<group>"; };
		7D7514A3205927C800E4710F /* ClassScope.cpp */ = {isa = PBXFileReference; lastKnownFileType = sourcecode.cpp.cpp; path = ClassScope.cpp; sourceTree = "<group>"; };
		7D7514A4205927C800E4710F /* ClassScope.hpp */ = {isa = PBXFileReference; lastKnownFileType = sourcecode.cpp.h; path = ClassScope.hpp; sourceTree = "<group>"; };
		7D7514A62059280900E4710F /* Dog.cpp */ = {isa = PBXFileReference; lastKnownFileType = sourcecode.cpp.cpp; path = Dog.cpp; sourceTree = "<group>"; };
		7D7514A72059280900E4710F /* Dog.hpp */ = {isa = PBXFileReference; lastKnownFileType = sourcecode.cpp.h; path = Dog.hpp; sourceTree = "<group>"; };
		7D9FE02F2057F36700AEB721 /* Person.hpp */ = {isa = PBXFileReference; fileEncoding = 4; lastKnownFileType = sourcecode.cpp.h; path = Person.hpp; sourceTree = "<group>"; };
		7D9FE0302057F36700AEB721 /* Person.cpp */ = {isa = PBXFileReference; fileEncoding = 4; lastKnownFileType = sourcecode.cpp.cpp; path = Person.cpp; sourceTree = "<group>"; };
		7DBFE9892059888E0061C87C /* Teacher.cpp */ = {isa = PBXFileReference; lastKnownFileType = sourcecode.cpp.cpp; path = Teacher.cpp; sourceTree = "<group>"; };
		7DBFE98A2059888E0061C87C /* Teacher.hpp */ = {isa = PBXFileReference; lastKnownFileType = sourcecode.cpp.h; path = Teacher.hpp; sourceTree = "<group>"; };
		7DBFE98C205988A10061C87C /* Student.cpp */ = {isa = PBXFileReference; lastKnownFileType = sourcecode.cpp.cpp; path = Student.cpp; sourceTree = "<group>"; };
		7DBFE98D205988A10061C87C /* Student.hpp */ = {isa = PBXFileReference; lastKnownFileType = sourcecode.cpp.h; path = Student.hpp; sourceTree = "<group>"; };
		7DBFE98F205988AB0061C87C /* Course.cpp */ = {isa = PBXFileReference; lastKnownFileType = sourcecode.cpp.cpp; path = Course.cpp; sourceTree = "<group>"; };
		7DBFE990205988AB0061C87C /* Course.hpp */ = {isa = PBXFileReference; lastKnownFileType = sourcecode.cpp.h; path = Course.hpp; sourceTree = "<group>"; };
		7DBFE992205998F80061C87C /* Lab2Instructions.cpp */ = {isa = PBXFileReference; lastKnownFileType = sourcecode.cpp.cpp; path = Lab2Instructions.cpp; sourceTree = "<group>"; };
		7DBFE9942059B61F0061C87C /* Lab2Instructions.h */ = {isa = PBXFileReference; lastKnownFileType = sourcecode.c.h; path = Lab2Instructions.h; sourceTree = "<group>"; };
/* End PBXFileReference section */

/* Begin PBXFrameworksBuildPhase section */
		7D18AD892057EBFA001F279F /* Frameworks */ = {
			isa = PBXFrameworksBuildPhase;
			buildActionMask = 2147483647;
			files = (
			);
			runOnlyForDeploymentPostprocessing = 0;
		};
/* End PBXFrameworksBuildPhase section */

/* Begin PBXGroup section */
		7D18AD832057EBFA001F279F = {
			isa = PBXGroup;
			children = (
				7D18AD8E2057EBFA001F279F /* DEV210.2x */,
				7D18AD8D2057EBFA001F279F /* Products */,
			);
			sourceTree = "<group>";
		};
		7D18AD8D2057EBFA001F279F /* Products */ = {
			isa = PBXGroup;
			children = (
				7D18AD8C2057EBFA001F279F /* DEV210.2x */,
			);
			name = Products;
			sourceTree = "<group>";
		};
		7D18AD8E2057EBFA001F279F /* DEV210.2x */ = {
			isa = PBXGroup;
			children = (
				7D7514A3205927C800E4710F /* ClassScope.cpp */,
				7D7514A4205927C800E4710F /* ClassScope.hpp */,
				7D7514A62059280900E4710F /* Dog.cpp */,
				7D7514A72059280900E4710F /* Dog.hpp */,
				7D18AD8F2057EBFA001F279F /* main.cpp */,
				7D9FE0302057F36700AEB721 /* Person.cpp */,
				7D9FE02F2057F36700AEB721 /* Person.hpp */,
				7DBFE988205988510061C87C /* Lab 2 - Classes Lab */,
			);
			path = DEV210.2x;
			sourceTree = "<group>";
		};
		7DBFE988205988510061C87C /* Lab 2 - Classes Lab */ = {
			isa = PBXGroup;
			children = (
				7DBFE9892059888E0061C87C /* Teacher.cpp */,
				7DBFE98C205988A10061C87C /* Student.cpp */,
				7DBFE98D205988A10061C87C /* Student.hpp */,
				7DBFE98A2059888E0061C87C /* Teacher.hpp */,
				7DBFE98F205988AB0061C87C /* Course.cpp */,
				7DBFE990205988AB0061C87C /* Course.hpp */,
				7DBFE992205998F80061C87C /* Lab2Instructions.cpp */,
				7DBFE9942059B61F0061C87C /* Lab2Instructions.h */,
			);
			path = "Lab 2 - Classes Lab";
			sourceTree = "<group>";
		};
/* End PBXGroup section */

/* Begin PBXNativeTarget section */
		7D18AD8B2057EBFA001F279F /* DEV210.2x */ = {
			isa = PBXNativeTarget;
			buildConfigurationList = 7D18AD932057EBFA001F279F /* Build configuration list for PBXNativeTarget "DEV210.2x" */;
			buildPhases = (
				7D18AD882057EBFA001F279F /* Sources */,
				7D18AD892057EBFA001F279F /* Frameworks */,
				7D18AD8A2057EBFA001F279F /* CopyFiles */,
			);
			buildRules = (
			);
			dependencies = (
			);
			name = DEV210.2x;
			productName = DEV210.2x;
			productReference = 7D18AD8C2057EBFA001F279F /* DEV210.2x */;
			productType = "com.apple.product-type.tool";
		};
/* End PBXNativeTarget section */

/* Begin PBXProject section */
		7D18AD842057EBFA001F279F /* Project object */ = {
			isa = PBXProject;
			attributes = {
				LastUpgradeCheck = 0920;
				ORGANIZATIONNAME = "Stefanos Mitropoulos";
				TargetAttributes = {
					7D18AD8B2057EBFA001F279F = {
						CreatedOnToolsVersion = 9.2;
						ProvisioningStyle = Automatic;
					};
				};
			};
			buildConfigurationList = 7D18AD872057EBFA001F279F /* Build configuration list for PBXProject "DEV210.2x" */;
			compatibilityVersion = "Xcode 8.0";
			developmentRegion = en;
			hasScannedForEncodings = 0;
			knownRegions = (
				en,
			);
			mainGroup = 7D18AD832057EBFA001F279F;
			productRefGroup = 7D18AD8D2057EBFA001F279F /* Products */;
			projectDirPath = "";
			projectRoot = "";
			targets = (
				7D18AD8B2057EBFA001F279F /* DEV210.2x */,
			);
		};
/* End PBXProject section */

/* Begin PBXSourcesBuildPhase section */
		7D18AD882057EBFA001F279F /* Sources */ = {
			isa = PBXSourcesBuildPhase;
			buildActionMask = 2147483647;
			files = (
				7DBFE98B2059888E0061C87C /* Teacher.cpp in Sources */,
				7D9FE0312057F36700AEB721 /* Person.cpp in Sources */,
				7D18AD902057EBFA001F279F /* main.cpp in Sources */,
				7DBFE993205998F80061C87C /* Lab2Instructions.cpp in Sources */,
				7DBFE98E205988A10061C87C /* Student.cpp in Sources */,
				7DBFE991205988AB0061C87C /* Course.cpp in Sources */,
				7D7514A82059280900E4710F /* Dog.cpp in Sources */,
				7D7514A5205927C800E4710F /* ClassScope.cpp in Sources */,
			);
			runOnlyForDeploymentPostprocessing = 0;
		};
/* End PBXSourcesBuildPhase section */

/* Begin XCBuildConfiguration section */
		7D18AD912057EBFA001F279F /* Debug */ = {
			isa = XCBuildConfiguration;
			buildSettings = {
				ALWAYS_SEARCH_USER_PATHS = NO;
				CLANG_ANALYZER_NONNULL = YES;
				CLANG_ANALYZER_NUMBER_OBJECT_CONVERSION = YES_AGGRESSIVE;
				CLANG_CXX_LANGUAGE_STANDARD = "gnu++14";
				CLANG_CXX_LIBRARY = "libc++";
				CLANG_ENABLE_MODULES = YES;
				CLANG_ENABLE_OBJC_ARC = YES;
				CLANG_WARN_BLOCK_CAPTURE_AUTORELEASING = YES;
				CLANG_WARN_BOOL_CONVERSION = YES;
				CLANG_WARN_COMMA = YES;
				CLANG_WARN_CONSTANT_CONVERSION = YES;
				CLANG_WARN_DIRECT_OBJC_ISA_USAGE = YES_ERROR;
				CLANG_WARN_DOCUMENTATION_COMMENTS = YES;
				CLANG_WARN_EMPTY_BODY = YES;
				CLANG_WARN_ENUM_CONVERSION = YES;
				CLANG_WARN_INFINITE_RECURSION = YES;
				CLANG_WARN_INT_CONVERSION = YES;
				CLANG_WARN_NON_LITERAL_NULL_CONVERSION = YES;
				CLANG_WARN_OBJC_LITERAL_CONVERSION = YES;
				CLANG_WARN_OBJC_ROOT_CLASS = YES_ERROR;
				CLANG_WARN_RANGE_LOOP_ANALYSIS = YES;
				CLANG_WARN_STRICT_PROTOTYPES = YES;
				CLANG_WARN_SUSPICIOUS_MOVE = YES;
				CLANG_WARN_UNGUARDED_AVAILABILITY = YES_AGGRESSIVE;
				CLANG_WARN_UNREACHABLE_CODE = YES;
				CLANG_WARN__DUPLICATE_METHOD_MATCH = YES;
				CODE_SIGN_IDENTITY = "";
				COPY_PHASE_STRIP = NO;
				DEBUG_INFORMATION_FORMAT = dwarf;
				ENABLE_STRICT_OBJC_MSGSEND = YES;
				ENABLE_TESTABILITY = YES;
				GCC_C_LANGUAGE_STANDARD = gnu11;
				GCC_DYNAMIC_NO_PIC = NO;
				GCC_NO_COMMON_BLOCKS = YES;
				GCC_OPTIMIZATION_LEVEL = 0;
				GCC_PREPROCESSOR_DEFINITIONS = (
					"DEBUG=1",
					"$(inherited)",
				);
				GCC_WARN_64_TO_32_BIT_CONVERSION = YES;
				GCC_WARN_ABOUT_RETURN_TYPE = YES_ERROR;
				GCC_WARN_UNDECLARED_SELECTOR = YES;
				GCC_WARN_UNINITIALIZED_AUTOS = YES_AGGRESSIVE;
				GCC_WARN_UNUSED_FUNCTION = YES;
				GCC_WARN_UNUSED_VARIABLE = YES;
				MACOSX_DEPLOYMENT_TARGET = 10.13;
				MTL_ENABLE_DEBUG_INFO = YES;
				ONLY_ACTIVE_ARCH = YES;
				SDKROOT = macosx;
			};
			name = Debug;
		};
		7D18AD922057EBFA001F279F /* Release */ = {
			isa = XCBuildConfiguration;
			buildSettings = {
				ALWAYS_SEARCH_USER_PATHS = NO;
				CLANG_ANALYZER_NONNULL = YES;
				CLANG_ANALYZER_NUMBER_OBJECT_CONVERSION = YES_AGGRESSIVE;
				CLANG_CXX_LANGUAGE_STANDARD = "gnu++14";
				CLANG_CXX_LIBRARY = "libc++";
				CLANG_ENABLE_MODULES = YES;
				CLANG_ENABLE_OBJC_ARC = YES;
				CLANG_WARN_BLOCK_CAPTURE_AUTORELEASING = YES;
				CLANG_WARN_BOOL_CONVERSION = YES;
				CLANG_WARN_COMMA = YES;
				CLANG_WARN_CONSTANT_CONVERSION = YES;
				CLANG_WARN_DIRECT_OBJC_ISA_USAGE = YES_ERROR;
				CLANG_WARN_DOCUMENTATION_COMMENTS = YES;
				CLANG_WARN_EMPTY_BODY = YES;
				CLANG_WARN_ENUM_CONVERSION = YES;
				CLANG_WARN_INFINITE_RECURSION = YES;
				CLANG_WARN_INT_CONVERSION = YES;
				CLANG_WARN_NON_LITERAL_NULL_CONVERSION = YES;
				CLANG_WARN_OBJC_LITERAL_CONVERSION = YES;
				CLANG_WARN_OBJC_ROOT_CLASS = YES_ERROR;
				CLANG_WARN_RANGE_LOOP_ANALYSIS = YES;
				CLANG_WARN_STRICT_PROTOTYPES = YES;
				CLANG_WARN_SUSPICIOUS_MOVE = YES;
				CLANG_WARN_UNGUARDED_AVAILABILITY = YES_AGGRESSIVE;
				CLANG_WARN_UNREACHABLE_CODE = YES;
				CLANG_WARN__DUPLICATE_METHOD_MATCH = YES;
				CODE_SIGN_IDENTITY = "";
				COPY_PHASE_STRIP = NO;
				DEBUG_INFORMATION_FORMAT = "dwarf-with-dsym";
				ENABLE_NS_ASSERTIONS = NO;
				ENABLE_STRICT_OBJC_MSGSEND = YES;
				GCC_C_LANGUAGE_STANDARD = gnu11;
				GCC_NO_COMMON_BLOCKS = YES;
				GCC_WARN_64_TO_32_BIT_CONVERSION = YES;
				GCC_WARN_ABOUT_RETURN_TYPE = YES_ERROR;
				GCC_WARN_UNDECLARED_SELECTOR = YES;
				GCC_WARN_UNINITIALIZED_AUTOS = YES_AGGRESSIVE;
				GCC_WARN_UNUSED_FUNCTION = YES;
				GCC_WARN_UNUSED_VARIABLE = YES;
				MACOSX_DEPLOYMENT_TARGET = 10.13;
				MTL_ENABLE_DEBUG_INFO = NO;
				SDKROOT = macosx;
			};
			name = Release;
		};
		7D18AD942057EBFA001F279F /* Debug */ = {
			isa = XCBuildConfiguration;
			buildSettings = {
				CODE_SIGN_IDENTITY = "";
				CODE_SIGN_STYLE = Automatic;
				DEVELOPMENT_TEAM = "";
				PRODUCT_NAME = "$(TARGET_NAME)";
				PROVISIONING_PROFILE_SPECIFIER = "";
			};
			name = Debug;
		};
		7D18AD952057EBFA001F279F /* Release */ = {
			isa = XCBuildConfiguration;
			buildSettings = {
				CODE_SIGN_IDENTITY = "";
				CODE_SIGN_STYLE = Automatic;
				DEVELOPMENT_TEAM = "";
				PRODUCT_NAME = "$(TARGET_NAME)";
				PROVISIONING_PROFILE_SPECIFIER = "";
			};
			name = Release;
		};
/* End XCBuildConfiguration section */

/* Begin XCConfigurationList section */
		7D18AD872057EBFA001F279F /* Build configuration list for PBXProject "DEV210.2x" */ = {
			isa = XCConfigurationList;
			buildConfigurations = (
				7D18AD912057EBFA001F279F /* Debug */,
				7D18AD922057EBFA001F279F /* Release */,
			);
			defaultConfigurationIsVisible = 0;
			defaultConfigurationName = Release;
		};
		7D18AD932057EBFA001F279F /* Build configuration list for PBXNativeTarget "DEV210.2x" */ = {
			isa = XCConfigurationList;
			buildConfigurations = (
				7D18AD942057EBFA001F279F /* Debug */,
				7D18AD952057EBFA001F279F /* Release */,
			);
			defaultConfigurationIsVisible = 0;
			defaultConfigurationName = Release;
		};
/* End XCConfigurationList section */
	};
	rootObject = 7D18AD842057EBFA001F279F /* Project object */;
}
